
Microsoft Visual Studio Solution File, Format Version 12.00
# Visual Studio Version 17
VisualStudioVersion = 17.14.36327.8 d17.14
MinimumVisualStudioVersion = 10.0.40219.1
Project("{FAE04EC0-301F-11D3-BF4B-00C04F79EFBC}") = "LCDonald.Android", "LCDonald.Android\LCDonald.Android.csproj", "{54F102C9-B410-E469-0617-41A5AC2C4C1A}"
EndProject
Project("{FAE04EC0-301F-11D3-BF4B-00C04F79EFBC}") = "LCDonald.Core", "LCDonald.Core\LCDonald.Core.csproj", "{1E868BB4-B182-A8B9-6600-CB05CDF7C609}"
EndProject
Project("{FAE04EC0-301F-11D3-BF4B-00C04F79EFBC}") = "LCDonald.Desktop", "LCDonald.Desktop\LCDonald.Desktop.csproj", "{1DCA7EDE-E619-8FBB-67B4-15BB6C8AA52D}"
EndProject
Project("{FAE04EC0-301F-11D3-BF4B-00C04F79EFBC}") = "LCDonald", "LCDonald\LCDonald.csproj", "{ECA66BC7-B959-5438-E312-A64E17F8C3C2}"
EndProject
Global
	GlobalSection(SolutionConfigurationPlatforms) = preSolution
		Debug|Any CPU = Debug|Any CPU
		DebugBurger|Any CPU = DebugBurger|Any CPU
		Release|Any CPU = Release|Any CPU
		ReleaseBurger|Any CPU = ReleaseBurger|Any CPU
	EndGlobalSection
	GlobalSection(ProjectConfigurationPlatforms) = postSolution
		{54F102C9-B410-E469-0617-41A5AC2C4C1A}.Debug|Any CPU.ActiveCfg = Debug|Any CPU
		{54F102C9-B410-E469-0617-41A5AC2C4C1A}.Debug|Any CPU.Build.0 = Debug|Any CPU
		{54F102C9-B410-E469-0617-41A5AC2C4C1A}.Debug|Any CPU.Deploy.0 = Debug|Any CPU
		{54F102C9-B410-E469-0617-41A5AC2C4C1A}.DebugBurger|Any CPU.ActiveCfg = DebugBurger|Any CPU
		{54F102C9-B410-E469-0617-41A5AC2C4C1A}.DebugBurger|Any CPU.Build.0 = DebugBurger|Any CPU
		{54F102C9-B410-E469-0617-41A5AC2C4C1A}.DebugBurger|Any CPU.Deploy.0 = DebugBurger|Any CPU
		{54F102C9-B410-E469-0617-41A5AC2C4C1A}.Release|Any CPU.ActiveCfg = Release|Any CPU
		{54F102C9-B410-E469-0617-41A5AC2C4C1A}.Release|Any CPU.Build.0 = Release|Any CPU
		{54F102C9-B410-E469-0617-41A5AC2C4C1A}.Release|Any CPU.Deploy.0 = Release|Any CPU
		{54F102C9-B410-E469-0617-41A5AC2C4C1A}.ReleaseBurger|Any CPU.ActiveCfg = ReleaseBurger|Any CPU
		{54F102C9-B410-E469-0617-41A5AC2C4C1A}.ReleaseBurger|Any CPU.Build.0 = ReleaseBurger|Any CPU
		{54F102C9-B410-E469-0617-41A5AC2C4C1A}.ReleaseBurger|Any CPU.Deploy.0 = ReleaseBurger|Any CPU
		{1E868BB4-B182-A8B9-6600-CB05CDF7C609}.Debug|Any CPU.ActiveCfg = Debug|Any CPU
		{1E868BB4-B182-A8B9-6600-CB05CDF7C609}.Debug|Any CPU.Build.0 = Debug|Any CPU
		{1E868BB4-B182-A8B9-6600-CB05CDF7C609}.DebugBurger|Any CPU.ActiveCfg = DebugBurger|Any CPU
		{1E868BB4-B182-A8B9-6600-CB05CDF7C609}.DebugBurger|Any CPU.Build.0 = DebugBurger|Any CPU
		{1E868BB4-B182-A8B9-6600-CB05CDF7C609}.Release|Any CPU.ActiveCfg = Release|Any CPU
		{1E868BB4-B182-A8B9-6600-CB05CDF7C609}.Release|Any CPU.Build.0 = Release|Any CPU
		{1E868BB4-B182-A8B9-6600-CB05CDF7C609}.ReleaseBurger|Any CPU.ActiveCfg = ReleaseBurger|Any CPU
		{1E868BB4-B182-A8B9-6600-CB05CDF7C609}.ReleaseBurger|Any CPU.Build.0 = ReleaseBurger|Any CPU
		{1DCA7EDE-E619-8FBB-67B4-15BB6C8AA52D}.Debug|Any CPU.ActiveCfg = Debug|Any CPU
		{1DCA7EDE-E619-8FBB-67B4-15BB6C8AA52D}.Debug|Any CPU.Build.0 = Debug|Any CPU
		{1DCA7EDE-E619-8FBB-67B4-15BB6C8AA52D}.DebugBurger|Any CPU.ActiveCfg = DebugBurger|Any CPU
		{1DCA7EDE-E619-8FBB-67B4-15BB6C8AA52D}.DebugBurger|Any CPU.Build.0 = DebugBurger|Any CPU
		{1DCA7EDE-E619-8FBB-67B4-15BB6C8AA52D}.Release|Any CPU.ActiveCfg = Release|Any CPU
		{1DCA7EDE-E619-8FBB-67B4-15BB6C8AA52D}.Release|Any CPU.Build.0 = Release|Any CPU
		{1DCA7EDE-E619-8FBB-67B4-15BB6C8AA52D}.ReleaseBurger|Any CPU.ActiveCfg = ReleaseBurger|Any CPU
		{1DCA7EDE-E619-8FBB-67B4-15BB6C8AA52D}.ReleaseBurger|Any CPU.Build.0 = ReleaseBurger|Any CPU
		{ECA66BC7-B959-5438-E312-A64E17F8C3C2}.Debug|Any CPU.ActiveCfg = Debug|Any CPU
		{ECA66BC7-B959-5438-E312-A64E17F8C3C2}.Debug|Any CPU.Build.0 = Debug|Any CPU
		{ECA66BC7-B959-5438-E312-A64E17F8C3C2}.DebugBurger|Any CPU.ActiveCfg = DebugBurger|Any CPU
		{ECA66BC7-B959-5438-E312-A64E17F8C3C2}.DebugBurger|Any CPU.Build.0 = DebugBurger|Any CPU
		{ECA66BC7-B959-5438-E312-A64E17F8C3C2}.Release|Any CPU.ActiveCfg = Release|Any CPU
		{ECA66BC7-B959-5438-E312-A64E17F8C3C2}.Release|Any CPU.Build.0 = Release|Any CPU
		{ECA66BC7-B959-5438-E312-A64E17F8C3C2}.ReleaseBurger|Any CPU.ActiveCfg = ReleaseBurger|Any CPU
		{ECA66BC7-B959-5438-E312-A64E17F8C3C2}.ReleaseBurger|Any CPU.Build.0 = ReleaseBurger|Any CPU
	EndGlobalSection
	GlobalSection(SolutionProperties) = preSolution
		HideSolutionNode = FALSE
	EndGlobalSection
EndGlobal
